
Microsoft Visual Studio Solution File, Format Version 12.00
# Visual Studio 15
VisualStudioVersion = 15.0.27130.2026
MinimumVisualStudioVersion = 10.0.40219.1
Project("{FAE04EC0-301F-11D3-BF4B-00C04F79EFBC}") = "Property Management System", "Property Management System\Property Management System.csproj", "{227A2BA8-A581-417D-AE44-55A09EB28F26}"
EndProject
Global
	GlobalSection(SolutionConfigurationPlatforms) = preSolution
		Debug|Any CPU = Debug|Any CPU
		Release|Any CPU = Release|Any CPU
	EndGlobalSection
	GlobalSection(ProjectConfigurationPlatforms) = postSolution
		{227A2BA8-A581-417D-AE44-55A09EB28F26}.Debug|Any CPU.ActiveCfg = Debug|Any CPU
		{227A2BA8-A581-417D-AE44-55A09EB28F26}.Debug|Any CPU.Build.0 = Debug|Any CPU
		{227A2BA8-A581-417D-AE44-55A09EB28F26}.Release|Any CPU.ActiveCfg = Release|Any CPU
		{227A2BA8-A581-417D-AE44-55A09EB28F26}.Release|Any CPU.Build.0 = Release|Any CPU
	EndGlobalSection
	GlobalSection(SolutionProperties) = preSolution
		HideSolutionNode = FALSE
	EndGlobalSection
	GlobalSection(ExtensibilityGlobals) = postSolution
		SolutionGuid = {12184FEB-505E-40B7-A239-9B420A4D8D4D}
	EndGlobalSection
EndGlobal
